// !$*UTF8*$!
{
	archiveVersion = 1;
	classes = {
	};
	objectVersion = 46;
	objects = {

/* Begin PBXBuildFile section */
		1D2DB3CB1EA4F02E00E95D61 /* FRSDK.m in Sources */ = {isa = PBXBuildFile; fileRef = 1D2DB3CA1EA4F02E00E95D61 /* FRSDK.m */; };
		1D2DB3CC1EA4F02E00E95D61 /* FRSDK.h in CopyFiles */ = {isa = PBXBuildFile; fileRef = 1D2DB3C91EA4F02E00E95D61 /* FRSDK.h */; };
/* End PBXBuildFile section */

/* Begin PBXCopyFilesBuildPhase section */
		1D2DB3C41EA4F02E00E95D61 /* CopyFiles */ = {
			isa = PBXCopyFilesBuildPhase;
			buildActionMask = 2147483647;
			dstPath = "include/$(PRODUCT_NAME)";
			dstSubfolderSpec = 16;
			files = (
				1D2DB3CC1EA4F02E00E95D61 /* FRSDK.h in CopyFiles */,
			);
			runOnlyForDeploymentPostprocessing = 0;
		};
/* End PBXCopyFilesBuildPhase section */

/* Begin PBXFileReference section */
		1D2DB3C61EA4F02E00E95D61 /* libFRSDK.a */ = {isa = PBXFileReference; explicitFileType = archive.ar; includeInIndex = 0; path = libFRSDK.a; sourceTree = BUILT_PRODUCTS_DIR; };
		1D2DB3C91EA4F02E00E95D61 /* FRSDK.h */ = {isa = PBXFileReference; lastKnownFileType = sourcecode.c.h; path = FRSDK.h; sourceTree = "<group>"; };
		1D2DB3CA1EA4F02E00E95D61 /* FRSDK.m */ = {isa = PBXFileReference; lastKnownFileType = sourcecode.c.objc; path = FRSDK.m; sourceTree = "<group>"; };
/* End PBXFileReference section */

/* Begin PBXFrameworksBuildPhase section */
		1D2DB3C31EA4F02E00E95D61 /* Frameworks */ = {
			isa = PBXFrameworksBuildPhase;
			buildActionMask = 2147483647;
			files = (
			);
			runOnlyForDeploymentPostprocessing = 0;
		};
/* End PBXFrameworksBuildPhase section */

/* Begin PBXGroup section */
		1D2DB3BD1EA4F02E00E95D61 = {
			isa = PBXGroup;
			children = (
				1D2DB3C81EA4F02E00E95D61 /* FRSDK */,
				1D2DB3C71EA4F02E00E95D61 /* Products */,
			);
			sourceTree = "<group>";
		};
		1D2DB3C71EA4F02E00E95D61 /* Products */ = {
			isa = PBXGroup;
			children = (
				1D2DB3C61EA4F02E00E95D61 /* libFRSDK.a */,
			);
			name = Products;
			sourceTree = "<group>";
		};
		1D2DB3C81EA4F02E00E95D61 /* FRSDK */ = {
			isa = PBXGroup;
			children = (
				1D2DB3C91EA4F02E00E95D61 /* FRSDK.h */,
				1D2DB3CA1EA4F02E00E95D61 /* FRSDK.m */,
			);
			path = FRSDK;
			sourceTree = "<group>";
		};
/* End PBXGroup section */

/* Begin PBXNativeTarget section */
		1D2DB3C51EA4F02E00E95D61 /* FRSDK */ = {
			isa = PBXNativeTarget;
			buildConfigurationList = 1D2DB3CF1EA4F02E00E95D61 /* Build configuration list for PBXNativeTarget "FRSDK" */;
			buildPhases = (
				1D2DB3C21EA4F02E00E95D61 /* Sources */,
				1D2DB3C31EA4F02E00E95D61 /* Frameworks */,
				1D2DB3C41EA4F02E00E95D61 /* CopyFiles */,
			);
			buildRules = (
			);
			dependencies = (
			);
			name = FRSDK;
			productName = FRSDK;
			productReference = 1D2DB3C61EA4F02E00E95D61 /* libFRSDK.a */;
			productType = "com.apple.product-type.library.static";
		};
/* End PBXNativeTarget section */

/* Begin PBXProject section */
		1D2DB3BE1EA4F02E00E95D61 /* Project object */ = {
			isa = PBXProject;
			attributes = {
				LastUpgradeCheck = 0830;
				ORGANIZATIONNAME = HaifengMay;
				TargetAttributes = {
					1D2DB3C51EA4F02E00E95D61 = {
						CreatedOnToolsVersion = 8.3;
						DevelopmentTeam = G98FT66X5F;
						ProvisioningStyle = Automatic;
					};
				};
			};
			buildConfigurationList = 1D2DB3C11EA4F02E00E95D61 /* Build configuration list for PBXProject "FRSDK" */;
			compatibilityVersion = "Xcode 3.2";
			developmentRegion = English;
			hasScannedForEncodings = 0;
			knownRegions = (
				en,
			);
			mainGroup = 1D2DB3BD1EA4F02E00E95D61;
			productRefGroup = 1D2DB3C71EA4F02E00E95D61 /* Products */;
			projectDirPath = "";
			projectRoot = "";
			targets = (
				1D2DB3C51EA4F02E00E95D61 /* FRSDK */,
			);
		};
/* End PBXProject section */

/* Begin PBXSourcesBuildPhase section */
		1D2DB3C21EA4F02E00E95D61 /* Sources */ = {
			isa = PBXSourcesBuildPhase;
			buildActionMask = 2147483647;
			files = (
				1D2DB3CB1EA4F02E00E95D61 /* FRSDK.m in Sources */,
			);
			runOnlyForDeploymentPostprocessing = 0;
		};
/* End PBXSourcesBuildPhase section */

/* Begin XCBuildConfiguration section */
		1D2DB3CD1EA4F02E00E95D61 /* Debug */ = {
			isa = XCBuildConfiguration;
			buildSettings = {
				ALWAYS_SEARCH_USER_PATHS = NO;
				CLANG_ANALYZER_NONNULL = YES;
				CLANG_ANALYZER_NUMBER_OBJECT_CONVERSION = YES_AGGRESSIVE;
				CLANG_CXX_LANGUAGE_STANDARD = "gnu++0x";
				CLANG_CXX_LIBRARY = "libc++";
				CLANG_ENABLE_MODULES = YES;
				CLANG_ENABLE_OBJC_ARC = YES;
				CLANG_WARN_BOOL_CONVERSION = YES;
				CLANG_WARN_CONSTANT_CONVERSION = YES;
				CLANG_WARN_DIRECT_OBJC_ISA_USAGE = YES_ERROR;
				CLANG_WARN_DOCUMENTATION_COMMENTS = YES;
				CLANG_WARN_EMPTY_BODY = YES;
				CLANG_WARN_ENUM_CONVERSION = YES;
				CLANG_WARN_INFINITE_RECURSION = YES;
				CLANG_WARN_INT_CONVERSION = YES;
				CLANG_WARN_OBJC_ROOT_CLASS = YES_ERROR;
				CLANG_WARN_SUSPICIOUS_MOVE = YES;
				CLANG_WARN_UNREACHABLE_CODE = YES;
				CLANG_WARN__DUPLICATE_METHOD_MATCH = YES;
				"CODE_SIGN_IDENTITY[sdk=iphoneos*]" = "iPhone Developer";
				COPY_PHASE_STRIP = NO;
				DEBUG_INFORMATION_FORMAT = dwarf;
				ENABLE_STRICT_OBJC_MSGSEND = YES;
				ENABLE_TESTABILITY = YES;
				GCC_C_LANGUAGE_STANDARD = gnu99;
				GCC_DYNAMIC_NO_PIC = NO;
				GCC_NO_COMMON_BLOCKS = YES;
				GCC_OPTIMIZATION_LEVEL = 0;
				GCC_PREPROCESSOR_DEFINITIONS = (
					"DEBUG=1",
					"$(inherited)",
				);
				GCC_WARN_64_TO_32_BIT_CONVERSION = YES;
				GCC_WARN_ABOUT_RETURN_TYPE = YES_ERROR;
				GCC_WARN_UNDECLARED_SELECTOR = YES;
				GCC_WARN_UNINITIALIZED_AUTOS = YES_AGGRESSIVE;
				GCC_WARN_UNUSED_FUNCTION = YES;
				GCC_WARN_UNUSED_VARIABLE = YES;
				IPHONEOS_DEPLOYMENT_TARGET = 10.3;
				MTL_ENABLE_DEBUG_INFO = YES;
				ONLY_ACTIVE_ARCH = YES;
				SDKROOT = iphoneos;
			};
			name = Debug;
		};
		1D2DB3CE1EA4F02E00E95D61 /* Release */ = {
			isa = XCBuildConfiguration;
			buildSettings = {
				ALWAYS_SEARCH_USER_PATHS = NO;
				CLANG_ANALYZER_NONNULL = YES;
				CLANG_ANALYZER_NUMBER_OBJECT_CONVERSION = YES_AGGRESSIVE;
				CLANG_CXX_LANGUAGE_STANDARD = "gnu++0x";
				CLANG_CXX_LIBRARY = "libc++";
				CLANG_ENABLE_MODULES = YES;
				CLANG_ENABLE_OBJC_ARC = YES;
				CLANG_WARN_BOOL_CONVERSION = YES;
				CLANG_WARN_CONSTANT_CONVERSION = YES;
				CLANG_WARN_DIRECT_OBJC_ISA_USAGE = YES_ERROR;
				CLANG_WARN_DOCUMENTATION_COMMENTS = YES;
				CLANG_WARN_EMPTY_BODY = YES;
				CLANG_WARN_ENUM_CONVERSION = YES;
				CLANG_WARN_INFINITE_RECURSION = YES;
				CLANG_WARN_INT_CONVERSION = YES;
				CLANG_WARN_OBJC_ROOT_CLASS = YES_ERROR;
				CLANG_WARN_SUSPICIOUS_MOVE = YES;
				CLANG_WARN_UNREACHABLE_CODE = YES;
				CLANG_WARN__DUPLICATE_METHOD_MATCH = YES;
				"CODE_SIGN_IDENTITY[sdk=iphoneos*]" = "iPhone Developer";
				COPY_PHASE_STRIP = NO;
				DEBUG_INFORMATION_FORMAT = "dwarf-with-dsym";
				ENABLE_NS_ASSERTIONS = NO;
				ENABLE_STRICT_OBJC_MSGSEND = YES;
				GCC_C_LANGUAGE_STANDARD = gnu99;
				GCC_NO_COMMON_BLOCKS = YES;
				GCC_WARN_64_TO_32_BIT_CONVERSION = YES;
				GCC_WARN_ABOUT_RETURN_TYPE = YES_ERROR;
				GCC_WARN_UNDECLARED_SELECTOR = YES;
				GCC_WARN_UNINITIALIZED_AUTOS = YES_AGGRESSIVE;
				GCC_WARN_UNUSED_FUNCTION = YES;
				GCC_WARN_UNUSED_VARIABLE = YES;
				IPHONEOS_DEPLOYMENT_TARGET = 10.3;
				MTL_ENABLE_DEBUG_INFO = NO;
				SDKROOT = iphoneos;
				VALIDATE_PRODUCT = YES;
			};
			name = Release;
		};
		1D2DB3D01EA4F02E00E95D61 /* Debug */ = {
			isa = XCBuildConfiguration;
			buildSettings = {
				DEVELOPMENT_TEAM = G98FT66X5F;
				OTHER_LDFLAGS = "-ObjC";
				PRODUCT_NAME = "$(TARGET_NAME)";
				SKIP_INSTALL = YES;
			};
			name = Debug;
		};
		1D2DB3D11EA4F02E00E95D61 /* Release */ = {
			isa = XCBuildConfiguration;
			buildSettings = {
				DEVELOPMENT_TEAM = G98FT66X5F;
				OTHER_LDFLAGS = "-ObjC";
				PRODUCT_NAME = "$(TARGET_NAME)";
				SKIP_INSTALL = YES;
			};
			name = Release;
		};
/* End XCBuildConfiguration section */

/* Begin XCConfigurationList section */
		1D2DB3C11EA4F02E00E95D61 /* Build configuration list for PBXProject "FRSDK" */ = {
			isa = XCConfigurationList;
			buildConfigurations = (
				1D2DB3CD1EA4F02E00E95D61 /* Debug */,
				1D2DB3CE1EA4F02E00E95D61 /* Release */,
			);
			defaultConfigurationIsVisible = 0;
			defaultConfigurationName = Release;
		};
		1D2DB3CF1EA4F02E00E95D61 /* Build configuration list for PBXNativeTarget "FRSDK" */ = {
			isa = XCConfigurationList;
			buildConfigurations = (
				1D2DB3D01EA4F02E00E95D61 /* Debug */,
				1D2DB3D11EA4F02E00E95D61 /* Release */,
			);
			defaultConfigurationIsVisible = 0;
		};
/* End XCConfigurationList section */
	};
	rootObject = 1D2DB3BE1EA4F02E00E95D61 /* Project object */;
}
